
Microsoft Visual Studio Solution File, Format Version 12.00
# Visual Studio Version 16
VisualStudioVersion = 16.0.29102.190
MinimumVisualStudioVersion = 10.0.40219.1
Project("{8BC9CEB8-8B4A-11D0-8D11-00A0C91BC942}") = "Algorithm", "Algorithm\Algorithm.vcxproj", "{99A2E304-DEEA-4D97-AD82-CE4141CF0323}"
EndProject
Project("{8BC9CEB8-8B4A-11D0-8D11-00A0C91BC942}") = "10896", "10869\10896.vcxproj", "{1F7A523D-4EA3-4898-B4FF-70E6E4BA584C}"
EndProject
Project("{8BC9CEB8-8B4A-11D0-8D11-00A0C91BC942}") = "10430", "10430\10430.vcxproj", "{80A8AD3E-CCCA-4E21-9287-37ADB30AEAB1}"
EndProject
Project("{8BC9CEB8-8B4A-11D0-8D11-00A0C91BC942}") = "2588", "2588\2588.vcxproj", "{90E8A5C2-B682-4614-A040-A360DAC86FFF}"
EndProject
Project("{8BC9CEB8-8B4A-11D0-8D11-00A0C91BC942}") = "9498", "9498\9498.vcxproj", "{2EFE240F-6AEB-4648-9CFE-F74347DA938D}"
EndProject
Project("{8BC9CEB8-8B4A-11D0-8D11-00A0C91BC942}") = "2753", "2753\2753.vcxproj", "{60951AE1-3772-4AC2-9F39-B0728F046287}"
EndProject
Project("{8BC9CEB8-8B4A-11D0-8D11-00A0C91BC942}") = "14681", "14681\14681.vcxproj", "{E52C91B3-1964-42C7-A066-41981773B3C3}"
EndProject
Project("{8BC9CEB8-8B4A-11D0-8D11-00A0C91BC942}") = "2884", "2884\2884.vcxproj", "{54F24CB4-3E45-4266-BF32-BF8AB3ED5FA8}"
EndProject
Project("{8BC9CEB8-8B4A-11D0-8D11-00A0C91BC942}") = "2739", "2739\2739.vcxproj", "{87A70DC1-5ED3-404E-BA40-EDE6C7BE7E97}"
EndProject
Project("{8BC9CEB8-8B4A-11D0-8D11-00A0C91BC942}") = "10950", "10950\10950.vcxproj", "{B9DFE71F-19AD-4D32-BA00-733F6AB2106A}"
EndProject
Project("{8BC9CEB8-8B4A-11D0-8D11-00A0C91BC942}") = "8393", "8393\8393.vcxproj", "{1AEF959E-776B-41A2-AC6C-E3515BC4C09B}"
EndProject
Project("{8BC9CEB8-8B4A-11D0-8D11-00A0C91BC942}") = "15552", "15552\15552.vcxproj", "{48E608A3-99B7-411A-AD46-7318F6F4D433}"
EndProject
Project("{8BC9CEB8-8B4A-11D0-8D11-00A0C91BC942}") = "2741", "2741\2741.vcxproj", "{D7DA84A4-CEB3-4AA3-8287-8CE7099B4EF2}"
EndProject
Project("{8BC9CEB8-8B4A-11D0-8D11-00A0C91BC942}") = "11021", "11021\11021.vcxproj", "{72BAA0F5-2145-4DF4-AD8B-EABBD3D06907}"
EndProject
Project("{8BC9CEB8-8B4A-11D0-8D11-00A0C91BC942}") = "2438", "2438\2438.vcxproj", "{F1651350-6358-42A2-A9E8-12772F68559B}"
EndProject
Project("{8BC9CEB8-8B4A-11D0-8D11-00A0C91BC942}") = "10871", "10871\10871.vcxproj", "{74A58C83-62B1-40B4-A16E-F540DA0FDD13}"
EndProject
Project("{8BC9CEB8-8B4A-11D0-8D11-00A0C91BC942}") = "1065", "1065\1065.vcxproj", "{ACE6BFB3-32F8-46DE-B807-EF41CCC1C967}"
EndProject
Project("{8BC9CEB8-8B4A-11D0-8D11-00A0C91BC942}") = "4673", "4673\4673.vcxproj", "{9F19783C-D022-4252-B998-220D11E93673}"
EndProject
Project("{8BC9CEB8-8B4A-11D0-8D11-00A0C91BC942}") = "10809", "10809\10809.vcxproj", "{2CABA7E3-DE6B-4EF6-A65F-EABEEA21C7AD}"
EndProject
Project("{8BC9CEB8-8B4A-11D0-8D11-00A0C91BC942}") = "2675", "2675\2675.vcxproj", "{D1119B3E-8FCF-49C7-ACE8-115EB00421A9}"
EndProject
Project("{8BC9CEB8-8B4A-11D0-8D11-00A0C91BC942}") = "1157", "1157\1157.vcxproj", "{A54CAF9D-F0DB-46CE-B4E0-C0825FAC08A3}"
EndProject
Project("{8BC9CEB8-8B4A-11D0-8D11-00A0C91BC942}") = "1152", "1152\1152.vcxproj", "{69CBF45E-C15A-4806-AF6F-7CF6003EEFD1}"
EndProject
Project("{8BC9CEB8-8B4A-11D0-8D11-00A0C91BC942}") = "2908", "2908\2908.vcxproj", "{E7C56059-43CE-43CF-A85C-ED728EE25D55}"
EndProject
Project("{8BC9CEB8-8B4A-11D0-8D11-00A0C91BC942}") = "5622", "5622\5622.vcxproj", "{57EC64C1-629F-48F8-8749-41D5673F11F3}"
EndProject
Project("{8BC9CEB8-8B4A-11D0-8D11-00A0C91BC942}") = "2941", "2941\2941.vcxproj", "{B78A234B-52CD-45BD-AD4A-BA5C899803B1}"
EndProject
Project("{8BC9CEB8-8B4A-11D0-8D11-00A0C91BC942}") = "1316", "1316\1316.vcxproj", "{70D6B924-B12C-4596-91C3-B3B3CD3F9CBC}"
EndProject
Project("{8BC9CEB8-8B4A-11D0-8D11-00A0C91BC942}") = "2447", "2447\2447.vcxproj", "{47D03224-52C4-44BB-82D6-019DB0C7DA3F}"
EndProject
Project("{8BC9CEB8-8B4A-11D0-8D11-00A0C91BC942}") = "1018", "1018\1018.vcxproj", "{0BD527BF-EC39-4960-928B-599AB8D37B52}"
EndProject
Project("{8BC9CEB8-8B4A-11D0-8D11-00A0C91BC942}") = "2751", "2751\2751.vcxproj", "{F3253DB4-F827-4967-BD1D-FB006004562A}"
EndProject
Project("{8BC9CEB8-8B4A-11D0-8D11-00A0C91BC942}") = "10828", "10828\10828.vcxproj", "{11BF41BB-6345-4EB9-BFF6-56986AC07A31}"
EndProject
Project("{8BC9CEB8-8B4A-11D0-8D11-00A0C91BC942}") = "10773", "10773\10773.vcxproj", "{9388B38E-8AD5-4C54-B8CA-5B6C6716E617}"
EndProject
Project("{8BC9CEB8-8B4A-11D0-8D11-00A0C91BC942}") = "9012", "9012\9012.vcxproj", "{B45157AC-55F5-4943-A6B3-3F447127A82A}"
EndProject
Project("{8BC9CEB8-8B4A-11D0-8D11-00A0C91BC942}") = "4949", "4949\4949.vcxproj", "{9C41E681-E8C7-4265-B3B7-03557FF4CD75}"
EndProject
Project("{8BC9CEB8-8B4A-11D0-8D11-00A0C91BC942}") = "1874", "1874\1874.vcxproj", "{2F2FD5B9-50F8-49E4-8802-1680D034F29B}"
EndProject
Project("{8BC9CEB8-8B4A-11D0-8D11-00A0C91BC942}") = "11047", "11047\11047.vcxproj", "{60A66224-0118-41F7-8802-A35ED73B4C53}"
EndProject
Project("{8BC9CEB8-8B4A-11D0-8D11-00A0C91BC942}") = "1931", "1931\1931.vcxproj", "{6E603C8E-BA39-43B5-AD4F-907E4CE39D2B}"
EndProject
Project("{8BC9CEB8-8B4A-11D0-8D11-00A0C91BC942}") = "2108", "2108\2108.vcxproj", "{34BE9BFC-A43A-43B8-B474-0248C48820B8}"
EndProject
Global
	GlobalSection(SolutionConfigurationPlatforms) = preSolution
		Debug|x64 = Debug|x64
		Debug|x86 = Debug|x86
		Release|x64 = Release|x64
		Release|x86 = Release|x86
	EndGlobalSection
	GlobalSection(ProjectConfigurationPlatforms) = postSolution
		{99A2E304-DEEA-4D97-AD82-CE4141CF0323}.Debug|x64.ActiveCfg = Debug|x64
		{99A2E304-DEEA-4D97-AD82-CE4141CF0323}.Debug|x64.Build.0 = Debug|x64
		{99A2E304-DEEA-4D97-AD82-CE4141CF0323}.Debug|x86.ActiveCfg = Debug|Win32
		{99A2E304-DEEA-4D97-AD82-CE4141CF0323}.Debug|x86.Build.0 = Debug|Win32
		{99A2E304-DEEA-4D97-AD82-CE4141CF0323}.Release|x64.ActiveCfg = Release|x64
		{99A2E304-DEEA-4D97-AD82-CE4141CF0323}.Release|x64.Build.0 = Release|x64
		{99A2E304-DEEA-4D97-AD82-CE4141CF0323}.Release|x86.ActiveCfg = Release|Win32
		{99A2E304-DEEA-4D97-AD82-CE4141CF0323}.Release|x86.Build.0 = Release|Win32
		{1F7A523D-4EA3-4898-B4FF-70E6E4BA584C}.Debug|x64.ActiveCfg = Debug|x64
		{1F7A523D-4EA3-4898-B4FF-70E6E4BA584C}.Debug|x64.Build.0 = Debug|x64
		{1F7A523D-4EA3-4898-B4FF-70E6E4BA584C}.Debug|x86.ActiveCfg = Debug|Win32
		{1F7A523D-4EA3-4898-B4FF-70E6E4BA584C}.Debug|x86.Build.0 = Debug|Win32
		{1F7A523D-4EA3-4898-B4FF-70E6E4BA584C}.Release|x64.ActiveCfg = Release|x64
		{1F7A523D-4EA3-4898-B4FF-70E6E4BA584C}.Release|x64.Build.0 = Release|x64
		{1F7A523D-4EA3-4898-B4FF-70E6E4BA584C}.Release|x86.ActiveCfg = Release|Win32
		{1F7A523D-4EA3-4898-B4FF-70E6E4BA584C}.Release|x86.Build.0 = Release|Win32
		{80A8AD3E-CCCA-4E21-9287-37ADB30AEAB1}.Debug|x64.ActiveCfg = Debug|x64
		{80A8AD3E-CCCA-4E21-9287-37ADB30AEAB1}.Debug|x64.Build.0 = Debug|x64
		{80A8AD3E-CCCA-4E21-9287-37ADB30AEAB1}.Debug|x86.ActiveCfg = Debug|Win32
		{80A8AD3E-CCCA-4E21-9287-37ADB30AEAB1}.Debug|x86.Build.0 = Debug|Win32
		{80A8AD3E-CCCA-4E21-9287-37ADB30AEAB1}.Release|x64.ActiveCfg = Release|x64
		{80A8AD3E-CCCA-4E21-9287-37ADB30AEAB1}.Release|x64.Build.0 = Release|x64
		{80A8AD3E-CCCA-4E21-9287-37ADB30AEAB1}.Release|x86.ActiveCfg = Release|Win32
		{80A8AD3E-CCCA-4E21-9287-37ADB30AEAB1}.Release|x86.Build.0 = Release|Win32
		{90E8A5C2-B682-4614-A040-A360DAC86FFF}.Debug|x64.ActiveCfg = Debug|x64
		{90E8A5C2-B682-4614-A040-A360DAC86FFF}.Debug|x64.Build.0 = Debug|x64
		{90E8A5C2-B682-4614-A040-A360DAC86FFF}.Debug|x86.ActiveCfg = Debug|Win32
		{90E8A5C2-B682-4614-A040-A360DAC86FFF}.Debug|x86.Build.0 = Debug|Win32
		{90E8A5C2-B682-4614-A040-A360DAC86FFF}.Release|x64.ActiveCfg = Release|x64
		{90E8A5C2-B682-4614-A040-A360DAC86FFF}.Release|x64.Build.0 = Release|x64
		{90E8A5C2-B682-4614-A040-A360DAC86FFF}.Release|x86.ActiveCfg = Release|Win32
		{90E8A5C2-B682-4614-A040-A360DAC86FFF}.Release|x86.Build.0 = Release|Win32
		{2EFE240F-6AEB-4648-9CFE-F74347DA938D}.Debug|x64.ActiveCfg = Debug|x64
		{2EFE240F-6AEB-4648-9CFE-F74347DA938D}.Debug|x64.Build.0 = Debug|x64
		{2EFE240F-6AEB-4648-9CFE-F74347DA938D}.Debug|x86.ActiveCfg = Debug|Win32
		{2EFE240F-6AEB-4648-9CFE-F74347DA938D}.Debug|x86.Build.0 = Debug|Win32
		{2EFE240F-6AEB-4648-9CFE-F74347DA938D}.Release|x64.ActiveCfg = Release|x64
		{2EFE240F-6AEB-4648-9CFE-F74347DA938D}.Release|x64.Build.0 = Release|x64
		{2EFE240F-6AEB-4648-9CFE-F74347DA938D}.Release|x86.ActiveCfg = Release|Win32
		{2EFE240F-6AEB-4648-9CFE-F74347DA938D}.Release|x86.Build.0 = Release|Win32
		{60951AE1-3772-4AC2-9F39-B0728F046287}.Debug|x64.ActiveCfg = Debug|x64
		{60951AE1-3772-4AC2-9F39-B0728F046287}.Debug|x64.Build.0 = Debug|x64
		{60951AE1-3772-4AC2-9F39-B0728F046287}.Debug|x86.ActiveCfg = Debug|Win32
		{60951AE1-3772-4AC2-9F39-B0728F046287}.Debug|x86.Build.0 = Debug|Win32
		{60951AE1-3772-4AC2-9F39-B0728F046287}.Release|x64.ActiveCfg = Release|x64
		{60951AE1-3772-4AC2-9F39-B0728F046287}.Release|x64.Build.0 = Release|x64
		{60951AE1-3772-4AC2-9F39-B0728F046287}.Release|x86.ActiveCfg = Release|Win32
		{60951AE1-3772-4AC2-9F39-B0728F046287}.Release|x86.Build.0 = Release|Win32
		{E52C91B3-1964-42C7-A066-41981773B3C3}.Debug|x64.ActiveCfg = Debug|x64
		{E52C91B3-1964-42C7-A066-41981773B3C3}.Debug|x64.Build.0 = Debug|x64
		{E52C91B3-1964-42C7-A066-41981773B3C3}.Debug|x86.ActiveCfg = Debug|Win32
		{E52C91B3-1964-42C7-A066-41981773B3C3}.Debug|x86.Build.0 = Debug|Win32
		{E52C91B3-1964-42C7-A066-41981773B3C3}.Release|x64.ActiveCfg = Release|x64
		{E52C91B3-1964-42C7-A066-41981773B3C3}.Release|x64.Build.0 = Release|x64
		{E52C91B3-1964-42C7-A066-41981773B3C3}.Release|x86.ActiveCfg = Release|Win32
		{E52C91B3-1964-42C7-A066-41981773B3C3}.Release|x86.Build.0 = Release|Win32
		{54F24CB4-3E45-4266-BF32-BF8AB3ED5FA8}.Debug|x64.ActiveCfg = Debug|x64
		{54F24CB4-3E45-4266-BF32-BF8AB3ED5FA8}.Debug|x64.Build.0 = Debug|x64
		{54F24CB4-3E45-4266-BF32-BF8AB3ED5FA8}.Debug|x86.ActiveCfg = Debug|Win32
		{54F24CB4-3E45-4266-BF32-BF8AB3ED5FA8}.Debug|x86.Build.0 = Debug|Win32
		{54F24CB4-3E45-4266-BF32-BF8AB3ED5FA8}.Release|x64.ActiveCfg = Release|x64
		{54F24CB4-3E45-4266-BF32-BF8AB3ED5FA8}.Release|x64.Build.0 = Release|x64
		{54F24CB4-3E45-4266-BF32-BF8AB3ED5FA8}.Release|x86.ActiveCfg = Release|Win32
		{54F24CB4-3E45-4266-BF32-BF8AB3ED5FA8}.Release|x86.Build.0 = Release|Win32
		{87A70DC1-5ED3-404E-BA40-EDE6C7BE7E97}.Debug|x64.ActiveCfg = Debug|x64
		{87A70DC1-5ED3-404E-BA40-EDE6C7BE7E97}.Debug|x64.Build.0 = Debug|x64
		{87A70DC1-5ED3-404E-BA40-EDE6C7BE7E97}.Debug|x86.ActiveCfg = Debug|Win32
		{87A70DC1-5ED3-404E-BA40-EDE6C7BE7E97}.Debug|x86.Build.0 = Debug|Win32
		{87A70DC1-5ED3-404E-BA40-EDE6C7BE7E97}.Release|x64.ActiveCfg = Release|x64
		{87A70DC1-5ED3-404E-BA40-EDE6C7BE7E97}.Release|x64.Build.0 = Release|x64
		{87A70DC1-5ED3-404E-BA40-EDE6C7BE7E97}.Release|x86.ActiveCfg = Release|Win32
		{87A70DC1-5ED3-404E-BA40-EDE6C7BE7E97}.Release|x86.Build.0 = Release|Win32
		{B9DFE71F-19AD-4D32-BA00-733F6AB2106A}.Debug|x64.ActiveCfg = Debug|x64
		{B9DFE71F-19AD-4D32-BA00-733F6AB2106A}.Debug|x64.Build.0 = Debug|x64
		{B9DFE71F-19AD-4D32-BA00-733F6AB2106A}.Debug|x86.ActiveCfg = Debug|Win32
		{B9DFE71F-19AD-4D32-BA00-733F6AB2106A}.Debug|x86.Build.0 = Debug|Win32
		{B9DFE71F-19AD-4D32-BA00-733F6AB2106A}.Release|x64.ActiveCfg = Release|x64
		{B9DFE71F-19AD-4D32-BA00-733F6AB2106A}.Release|x64.Build.0 = Release|x64
		{B9DFE71F-19AD-4D32-BA00-733F6AB2106A}.Release|x86.ActiveCfg = Release|Win32
		{B9DFE71F-19AD-4D32-BA00-733F6AB2106A}.Release|x86.Build.0 = Release|Win32
		{1AEF959E-776B-41A2-AC6C-E3515BC4C09B}.Debug|x64.ActiveCfg = Debug|x64
		{1AEF959E-776B-41A2-AC6C-E3515BC4C09B}.Debug|x64.Build.0 = Debug|x64
		{1AEF959E-776B-41A2-AC6C-E3515BC4C09B}.Debug|x86.ActiveCfg = Debug|Win32
		{1AEF959E-776B-41A2-AC6C-E3515BC4C09B}.Debug|x86.Build.0 = Debug|Win32
		{1AEF959E-776B-41A2-AC6C-E3515BC4C09B}.Release|x64.ActiveCfg = Release|x64
		{1AEF959E-776B-41A2-AC6C-E3515BC4C09B}.Release|x64.Build.0 = Release|x64
		{1AEF959E-776B-41A2-AC6C-E3515BC4C09B}.Release|x86.ActiveCfg = Release|Win32
		{1AEF959E-776B-41A2-AC6C-E3515BC4C09B}.Release|x86.Build.0 = Release|Win32
		{48E608A3-99B7-411A-AD46-7318F6F4D433}.Debug|x64.ActiveCfg = Debug|x64
		{48E608A3-99B7-411A-AD46-7318F6F4D433}.Debug|x64.Build.0 = Debug|x64
		{48E608A3-99B7-411A-AD46-7318F6F4D433}.Debug|x86.ActiveCfg = Debug|Win32
		{48E608A3-99B7-411A-AD46-7318F6F4D433}.Debug|x86.Build.0 = Debug|Win32
		{48E608A3-99B7-411A-AD46-7318F6F4D433}.Release|x64.ActiveCfg = Release|x64
		{48E608A3-99B7-411A-AD46-7318F6F4D433}.Release|x64.Build.0 = Release|x64
		{48E608A3-99B7-411A-AD46-7318F6F4D433}.Release|x86.ActiveCfg = Release|Win32
		{48E608A3-99B7-411A-AD46-7318F6F4D433}.Release|x86.Build.0 = Release|Win32
		{D7DA84A4-CEB3-4AA3-8287-8CE7099B4EF2}.Debug|x64.ActiveCfg = Debug|x64
		{D7DA84A4-CEB3-4AA3-8287-8CE7099B4EF2}.Debug|x64.Build.0 = Debug|x64
		{D7DA84A4-CEB3-4AA3-8287-8CE7099B4EF2}.Debug|x86.ActiveCfg = Debug|Win32
		{D7DA84A4-CEB3-4AA3-8287-8CE7099B4EF2}.Debug|x86.Build.0 = Debug|Win32
		{D7DA84A4-CEB3-4AA3-8287-8CE7099B4EF2}.Release|x64.ActiveCfg = Release|x64
		{D7DA84A4-CEB3-4AA3-8287-8CE7099B4EF2}.Release|x64.Build.0 = Release|x64
		{D7DA84A4-CEB3-4AA3-8287-8CE7099B4EF2}.Release|x86.ActiveCfg = Release|Win32
		{D7DA84A4-CEB3-4AA3-8287-8CE7099B4EF2}.Release|x86.Build.0 = Release|Win32
		{72BAA0F5-2145-4DF4-AD8B-EABBD3D06907}.Debug|x64.ActiveCfg = Debug|x64
		{72BAA0F5-2145-4DF4-AD8B-EABBD3D06907}.Debug|x64.Build.0 = Debug|x64
		{72BAA0F5-2145-4DF4-AD8B-EABBD3D06907}.Debug|x86.ActiveCfg = Debug|Win32
		{72BAA0F5-2145-4DF4-AD8B-EABBD3D06907}.Debug|x86.Build.0 = Debug|Win32
		{72BAA0F5-2145-4DF4-AD8B-EABBD3D06907}.Release|x64.ActiveCfg = Release|x64
		{72BAA0F5-2145-4DF4-AD8B-EABBD3D06907}.Release|x64.Build.0 = Release|x64
		{72BAA0F5-2145-4DF4-AD8B-EABBD3D06907}.Release|x86.ActiveCfg = Release|Win32
		{72BAA0F5-2145-4DF4-AD8B-EABBD3D06907}.Release|x86.Build.0 = Release|Win32
		{F1651350-6358-42A2-A9E8-12772F68559B}.Debug|x64.ActiveCfg = Debug|x64
		{F1651350-6358-42A2-A9E8-12772F68559B}.Debug|x64.Build.0 = Debug|x64
		{F1651350-6358-42A2-A9E8-12772F68559B}.Debug|x86.ActiveCfg = Debug|Win32
		{F1651350-6358-42A2-A9E8-12772F68559B}.Debug|x86.Build.0 = Debug|Win32
		{F1651350-6358-42A2-A9E8-12772F68559B}.Release|x64.ActiveCfg = Release|x64
		{F1651350-6358-42A2-A9E8-12772F68559B}.Release|x64.Build.0 = Release|x64
		{F1651350-6358-42A2-A9E8-12772F68559B}.Release|x86.ActiveCfg = Release|Win32
		{F1651350-6358-42A2-A9E8-12772F68559B}.Release|x86.Build.0 = Release|Win32
		{74A58C83-62B1-40B4-A16E-F540DA0FDD13}.Debug|x64.ActiveCfg = Debug|x64
		{74A58C83-62B1-40B4-A16E-F540DA0FDD13}.Debug|x64.Build.0 = Debug|x64
		{74A58C83-62B1-40B4-A16E-F540DA0FDD13}.Debug|x86.ActiveCfg = Debug|Win32
		{74A58C83-62B1-40B4-A16E-F540DA0FDD13}.Debug|x86.Build.0 = Debug|Win32
		{74A58C83-62B1-40B4-A16E-F540DA0FDD13}.Release|x64.ActiveCfg = Release|x64
		{74A58C83-62B1-40B4-A16E-F540DA0FDD13}.Release|x64.Build.0 = Release|x64
		{74A58C83-62B1-40B4-A16E-F540DA0FDD13}.Release|x86.ActiveCfg = Release|Win32
		{74A58C83-62B1-40B4-A16E-F540DA0FDD13}.Release|x86.Build.0 = Release|Win32
		{ACE6BFB3-32F8-46DE-B807-EF41CCC1C967}.Debug|x64.ActiveCfg = Debug|x64
		{ACE6BFB3-32F8-46DE-B807-EF41CCC1C967}.Debug|x64.Build.0 = Debug|x64
		{ACE6BFB3-32F8-46DE-B807-EF41CCC1C967}.Debug|x86.ActiveCfg = Debug|Win32
		{ACE6BFB3-32F8-46DE-B807-EF41CCC1C967}.Debug|x86.Build.0 = Debug|Win32
		{ACE6BFB3-32F8-46DE-B807-EF41CCC1C967}.Release|x64.ActiveCfg = Release|x64
		{ACE6BFB3-32F8-46DE-B807-EF41CCC1C967}.Release|x64.Build.0 = Release|x64
		{ACE6BFB3-32F8-46DE-B807-EF41CCC1C967}.Release|x86.ActiveCfg = Release|Win32
		{ACE6BFB3-32F8-46DE-B807-EF41CCC1C967}.Release|x86.Build.0 = Release|Win32
		{9F19783C-D022-4252-B998-220D11E93673}.Debug|x64.ActiveCfg = Debug|x64
		{9F19783C-D022-4252-B998-220D11E93673}.Debug|x64.Build.0 = Debug|x64
		{9F19783C-D022-4252-B998-220D11E93673}.Debug|x86.ActiveCfg = Debug|Win32
		{9F19783C-D022-4252-B998-220D11E93673}.Debug|x86.Build.0 = Debug|Win32
		{9F19783C-D022-4252-B998-220D11E93673}.Release|x64.ActiveCfg = Release|x64
		{9F19783C-D022-4252-B998-220D11E93673}.Release|x64.Build.0 = Release|x64
		{9F19783C-D022-4252-B998-220D11E93673}.Release|x86.ActiveCfg = Release|Win32
		{9F19783C-D022-4252-B998-220D11E93673}.Release|x86.Build.0 = Release|Win32
		{2CABA7E3-DE6B-4EF6-A65F-EABEEA21C7AD}.Debug|x64.ActiveCfg = Debug|x64
		{2CABA7E3-DE6B-4EF6-A65F-EABEEA21C7AD}.Debug|x64.Build.0 = Debug|x64
		{2CABA7E3-DE6B-4EF6-A65F-EABEEA21C7AD}.Debug|x86.ActiveCfg = Debug|Win32
		{2CABA7E3-DE6B-4EF6-A65F-EABEEA21C7AD}.Debug|x86.Build.0 = Debug|Win32
		{2CABA7E3-DE6B-4EF6-A65F-EABEEA21C7AD}.Release|x64.ActiveCfg = Release|x64
		{2CABA7E3-DE6B-4EF6-A65F-EABEEA21C7AD}.Release|x64.Build.0 = Release|x64
		{2CABA7E3-DE6B-4EF6-A65F-EABEEA21C7AD}.Release|x86.ActiveCfg = Release|Win32
		{2CABA7E3-DE6B-4EF6-A65F-EABEEA21C7AD}.Release|x86.Build.0 = Release|Win32
		{D1119B3E-8FCF-49C7-ACE8-115EB00421A9}.Debug|x64.ActiveCfg = Debug|x64
		{D1119B3E-8FCF-49C7-ACE8-115EB00421A9}.Debug|x64.Build.0 = Debug|x64
		{D1119B3E-8FCF-49C7-ACE8-115EB00421A9}.Debug|x86.ActiveCfg = Debug|Win32
		{D1119B3E-8FCF-49C7-ACE8-115EB00421A9}.Debug|x86.Build.0 = Debug|Win32
		{D1119B3E-8FCF-49C7-ACE8-115EB00421A9}.Release|x64.ActiveCfg = Release|x64
		{D1119B3E-8FCF-49C7-ACE8-115EB00421A9}.Release|x64.Build.0 = Release|x64
		{D1119B3E-8FCF-49C7-ACE8-115EB00421A9}.Release|x86.ActiveCfg = Release|Win32
		{D1119B3E-8FCF-49C7-ACE8-115EB00421A9}.Release|x86.Build.0 = Release|Win32
		{A54CAF9D-F0DB-46CE-B4E0-C0825FAC08A3}.Debug|x64.ActiveCfg = Debug|x64
		{A54CAF9D-F0DB-46CE-B4E0-C0825FAC08A3}.Debug|x64.Build.0 = Debug|x64
		{A54CAF9D-F0DB-46CE-B4E0-C0825FAC08A3}.Debug|x86.ActiveCfg = Debug|Win32
		{A54CAF9D-F0DB-46CE-B4E0-C0825FAC08A3}.Debug|x86.Build.0 = Debug|Win32
		{A54CAF9D-F0DB-46CE-B4E0-C0825FAC08A3}.Release|x64.ActiveCfg = Release|x64
		{A54CAF9D-F0DB-46CE-B4E0-C0825FAC08A3}.Release|x64.Build.0 = Release|x64
		{A54CAF9D-F0DB-46CE-B4E0-C0825FAC08A3}.Release|x86.ActiveCfg = Release|Win32
		{A54CAF9D-F0DB-46CE-B4E0-C0825FAC08A3}.Release|x86.Build.0 = Release|Win32
		{69CBF45E-C15A-4806-AF6F-7CF6003EEFD1}.Debug|x64.ActiveCfg = Debug|x64
		{69CBF45E-C15A-4806-AF6F-7CF6003EEFD1}.Debug|x64.Build.0 = Debug|x64
		{69CBF45E-C15A-4806-AF6F-7CF6003EEFD1}.Debug|x86.ActiveCfg = Debug|Win32
		{69CBF45E-C15A-4806-AF6F-7CF6003EEFD1}.Debug|x86.Build.0 = Debug|Win32
		{69CBF45E-C15A-4806-AF6F-7CF6003EEFD1}.Release|x64.ActiveCfg = Release|x64
		{69CBF45E-C15A-4806-AF6F-7CF6003EEFD1}.Release|x64.Build.0 = Release|x64
		{69CBF45E-C15A-4806-AF6F-7CF6003EEFD1}.Release|x86.ActiveCfg = Release|Win32
		{69CBF45E-C15A-4806-AF6F-7CF6003EEFD1}.Release|x86.Build.0 = Release|Win32
		{E7C56059-43CE-43CF-A85C-ED728EE25D55}.Debug|x64.ActiveCfg = Debug|x64
		{E7C56059-43CE-43CF-A85C-ED728EE25D55}.Debug|x64.Build.0 = Debug|x64
		{E7C56059-43CE-43CF-A85C-ED728EE25D55}.Debug|x86.ActiveCfg = Debug|Win32
		{E7C56059-43CE-43CF-A85C-ED728EE25D55}.Debug|x86.Build.0 = Debug|Win32
		{E7C56059-43CE-43CF-A85C-ED728EE25D55}.Release|x64.ActiveCfg = Release|x64
		{E7C56059-43CE-43CF-A85C-ED728EE25D55}.Release|x64.Build.0 = Release|x64
		{E7C56059-43CE-43CF-A85C-ED728EE25D55}.Release|x86.ActiveCfg = Release|Win32
		{E7C56059-43CE-43CF-A85C-ED728EE25D55}.Release|x86.Build.0 = Release|Win32
		{57EC64C1-629F-48F8-8749-41D5673F11F3}.Debug|x64.ActiveCfg = Debug|x64
		{57EC64C1-629F-48F8-8749-41D5673F11F3}.Debug|x64.Build.0 = Debug|x64
		{57EC64C1-629F-48F8-8749-41D5673F11F3}.Debug|x86.ActiveCfg = Debug|Win32
		{57EC64C1-629F-48F8-8749-41D5673F11F3}.Debug|x86.Build.0 = Debug|Win32
		{57EC64C1-629F-48F8-8749-41D5673F11F3}.Release|x64.ActiveCfg = Release|x64
		{57EC64C1-629F-48F8-8749-41D5673F11F3}.Release|x64.Build.0 = Release|x64
		{57EC64C1-629F-48F8-8749-41D5673F11F3}.Release|x86.ActiveCfg = Release|Win32
		{57EC64C1-629F-48F8-8749-41D5673F11F3}.Release|x86.Build.0 = Release|Win32
		{B78A234B-52CD-45BD-AD4A-BA5C899803B1}.Debug|x64.ActiveCfg = Debug|x64
		{B78A234B-52CD-45BD-AD4A-BA5C899803B1}.Debug|x64.Build.0 = Debug|x64
		{B78A234B-52CD-45BD-AD4A-BA5C899803B1}.Debug|x86.ActiveCfg = Debug|Win32
		{B78A234B-52CD-45BD-AD4A-BA5C899803B1}.Debug|x86.Build.0 = Debug|Win32
		{B78A234B-52CD-45BD-AD4A-BA5C899803B1}.Release|x64.ActiveCfg = Release|x64
		{B78A234B-52CD-45BD-AD4A-BA5C899803B1}.Release|x64.Build.0 = Release|x64
		{B78A234B-52CD-45BD-AD4A-BA5C899803B1}.Release|x86.ActiveCfg = Release|Win32
		{B78A234B-52CD-45BD-AD4A-BA5C899803B1}.Release|x86.Build.0 = Release|Win32
		{70D6B924-B12C-4596-91C3-B3B3CD3F9CBC}.Debug|x64.ActiveCfg = Debug|x64
		{70D6B924-B12C-4596-91C3-B3B3CD3F9CBC}.Debug|x64.Build.0 = Debug|x64
		{70D6B924-B12C-4596-91C3-B3B3CD3F9CBC}.Debug|x86.ActiveCfg = Debug|Win32
		{70D6B924-B12C-4596-91C3-B3B3CD3F9CBC}.Debug|x86.Build.0 = Debug|Win32
		{70D6B924-B12C-4596-91C3-B3B3CD3F9CBC}.Release|x64.ActiveCfg = Release|x64
		{70D6B924-B12C-4596-91C3-B3B3CD3F9CBC}.Release|x64.Build.0 = Release|x64
		{70D6B924-B12C-4596-91C3-B3B3CD3F9CBC}.Release|x86.ActiveCfg = Release|Win32
		{70D6B924-B12C-4596-91C3-B3B3CD3F9CBC}.Release|x86.Build.0 = Release|Win32
		{47D03224-52C4-44BB-82D6-019DB0C7DA3F}.Debug|x64.ActiveCfg = Debug|x64
		{47D03224-52C4-44BB-82D6-019DB0C7DA3F}.Debug|x64.Build.0 = Debug|x64
		{47D03224-52C4-44BB-82D6-019DB0C7DA3F}.Debug|x86.ActiveCfg = Debug|Win32
		{47D03224-52C4-44BB-82D6-019DB0C7DA3F}.Debug|x86.Build.0 = Debug|Win32
		{47D03224-52C4-44BB-82D6-019DB0C7DA3F}.Release|x64.ActiveCfg = Release|x64
		{47D03224-52C4-44BB-82D6-019DB0C7DA3F}.Release|x64.Build.0 = Release|x64
		{47D03224-52C4-44BB-82D6-019DB0C7DA3F}.Release|x86.ActiveCfg = Release|Win32
		{47D03224-52C4-44BB-82D6-019DB0C7DA3F}.Release|x86.Build.0 = Release|Win32
		{0BD527BF-EC39-4960-928B-599AB8D37B52}.Debug|x64.ActiveCfg = Debug|x64
		{0BD527BF-EC39-4960-928B-599AB8D37B52}.Debug|x64.Build.0 = Debug|x64
		{0BD527BF-EC39-4960-928B-599AB8D37B52}.Debug|x86.ActiveCfg = Debug|Win32
		{0BD527BF-EC39-4960-928B-599AB8D37B52}.Debug|x86.Build.0 = Debug|Win32
		{0BD527BF-EC39-4960-928B-599AB8D37B52}.Release|x64.ActiveCfg = Release|x64
		{0BD527BF-EC39-4960-928B-599AB8D37B52}.Release|x64.Build.0 = Release|x64
		{0BD527BF-EC39-4960-928B-599AB8D37B52}.Release|x86.ActiveCfg = Release|Win32
		{0BD527BF-EC39-4960-928B-599AB8D37B52}.Release|x86.Build.0 = Release|Win32
		{F3253DB4-F827-4967-BD1D-FB006004562A}.Debug|x64.ActiveCfg = Debug|x64
		{F3253DB4-F827-4967-BD1D-FB006004562A}.Debug|x64.Build.0 = Debug|x64
		{F3253DB4-F827-4967-BD1D-FB006004562A}.Debug|x86.ActiveCfg = Debug|Win32
		{F3253DB4-F827-4967-BD1D-FB006004562A}.Debug|x86.Build.0 = Debug|Win32
		{F3253DB4-F827-4967-BD1D-FB006004562A}.Release|x64.ActiveCfg = Release|x64
		{F3253DB4-F827-4967-BD1D-FB006004562A}.Release|x64.Build.0 = Release|x64
		{F3253DB4-F827-4967-BD1D-FB006004562A}.Release|x86.ActiveCfg = Release|Win32
		{F3253DB4-F827-4967-BD1D-FB006004562A}.Release|x86.Build.0 = Release|Win32
		{11BF41BB-6345-4EB9-BFF6-56986AC07A31}.Debug|x64.ActiveCfg = Debug|x64
		{11BF41BB-6345-4EB9-BFF6-56986AC07A31}.Debug|x64.Build.0 = Debug|x64
		{11BF41BB-6345-4EB9-BFF6-56986AC07A31}.Debug|x86.ActiveCfg = Debug|Win32
		{11BF41BB-6345-4EB9-BFF6-56986AC07A31}.Debug|x86.Build.0 = Debug|Win32
		{11BF41BB-6345-4EB9-BFF6-56986AC07A31}.Release|x64.ActiveCfg = Release|x64
		{11BF41BB-6345-4EB9-BFF6-56986AC07A31}.Release|x64.Build.0 = Release|x64
		{11BF41BB-6345-4EB9-BFF6-56986AC07A31}.Release|x86.ActiveCfg = Release|Win32
		{11BF41BB-6345-4EB9-BFF6-56986AC07A31}.Release|x86.Build.0 = Release|Win32
		{9388B38E-8AD5-4C54-B8CA-5B6C6716E617}.Debug|x64.ActiveCfg = Debug|x64
		{9388B38E-8AD5-4C54-B8CA-5B6C6716E617}.Debug|x64.Build.0 = Debug|x64
		{9388B38E-8AD5-4C54-B8CA-5B6C6716E617}.Debug|x86.ActiveCfg = Debug|Win32
		{9388B38E-8AD5-4C54-B8CA-5B6C6716E617}.Debug|x86.Build.0 = Debug|Win32
		{9388B38E-8AD5-4C54-B8CA-5B6C6716E617}.Release|x64.ActiveCfg = Release|x64
		{9388B38E-8AD5-4C54-B8CA-5B6C6716E617}.Release|x64.Build.0 = Release|x64
		{9388B38E-8AD5-4C54-B8CA-5B6C6716E617}.Release|x86.ActiveCfg = Release|Win32
		{9388B38E-8AD5-4C54-B8CA-5B6C6716E617}.Release|x86.Build.0 = Release|Win32
		{B45157AC-55F5-4943-A6B3-3F447127A82A}.Debug|x64.ActiveCfg = Debug|x64
		{B45157AC-55F5-4943-A6B3-3F447127A82A}.Debug|x64.Build.0 = Debug|x64
		{B45157AC-55F5-4943-A6B3-3F447127A82A}.Debug|x86.ActiveCfg = Debug|Win32
		{B45157AC-55F5-4943-A6B3-3F447127A82A}.Debug|x86.Build.0 = Debug|Win32
		{B45157AC-55F5-4943-A6B3-3F447127A82A}.Release|x64.ActiveCfg = Release|x64
		{B45157AC-55F5-4943-A6B3-3F447127A82A}.Release|x64.Build.0 = Release|x64
		{B45157AC-55F5-4943-A6B3-3F447127A82A}.Release|x86.ActiveCfg = Release|Win32
		{B45157AC-55F5-4943-A6B3-3F447127A82A}.Release|x86.Build.0 = Release|Win32
		{9C41E681-E8C7-4265-B3B7-03557FF4CD75}.Debug|x64.ActiveCfg = Debug|x64
		{9C41E681-E8C7-4265-B3B7-03557FF4CD75}.Debug|x64.Build.0 = Debug|x64
		{9C41E681-E8C7-4265-B3B7-03557FF4CD75}.Debug|x86.ActiveCfg = Debug|Win32
		{9C41E681-E8C7-4265-B3B7-03557FF4CD75}.Debug|x86.Build.0 = Debug|Win32
		{9C41E681-E8C7-4265-B3B7-03557FF4CD75}.Release|x64.ActiveCfg = Release|x64
		{9C41E681-E8C7-4265-B3B7-03557FF4CD75}.Release|x64.Build.0 = Release|x64
		{9C41E681-E8C7-4265-B3B7-03557FF4CD75}.Release|x86.ActiveCfg = Release|Win32
		{9C41E681-E8C7-4265-B3B7-03557FF4CD75}.Release|x86.Build.0 = Release|Win32
		{2F2FD5B9-50F8-49E4-8802-1680D034F29B}.Debug|x64.ActiveCfg = Debug|x64
		{2F2FD5B9-50F8-49E4-8802-1680D034F29B}.Debug|x64.Build.0 = Debug|x64
		{2F2FD5B9-50F8-49E4-8802-1680D034F29B}.Debug|x86.ActiveCfg = Debug|Win32
		{2F2FD5B9-50F8-49E4-8802-1680D034F29B}.Debug|x86.Build.0 = Debug|Win32
		{2F2FD5B9-50F8-49E4-8802-1680D034F29B}.Release|x64.ActiveCfg = Release|x64
		{2F2FD5B9-50F8-49E4-8802-1680D034F29B}.Release|x64.Build.0 = Release|x64
		{2F2FD5B9-50F8-49E4-8802-1680D034F29B}.Release|x86.ActiveCfg = Release|Win32
		{2F2FD5B9-50F8-49E4-8802-1680D034F29B}.Release|x86.Build.0 = Release|Win32
		{60A66224-0118-41F7-8802-A35ED73B4C53}.Debug|x64.ActiveCfg = Debug|x64
		{60A66224-0118-41F7-8802-A35ED73B4C53}.Debug|x64.Build.0 = Debug|x64
		{60A66224-0118-41F7-8802-A35ED73B4C53}.Debug|x86.ActiveCfg = Debug|Win32
		{60A66224-0118-41F7-8802-A35ED73B4C53}.Debug|x86.Build.0 = Debug|Win32
		{60A66224-0118-41F7-8802-A35ED73B4C53}.Release|x64.ActiveCfg = Release|x64
		{60A66224-0118-41F7-8802-A35ED73B4C53}.Release|x64.Build.0 = Release|x64
		{60A66224-0118-41F7-8802-A35ED73B4C53}.Release|x86.ActiveCfg = Release|Win32
		{60A66224-0118-41F7-8802-A35ED73B4C53}.Release|x86.Build.0 = Release|Win32
		{6E603C8E-BA39-43B5-AD4F-907E4CE39D2B}.Debug|x64.ActiveCfg = Debug|x64
		{6E603C8E-BA39-43B5-AD4F-907E4CE39D2B}.Debug|x64.Build.0 = Debug|x64
		{6E603C8E-BA39-43B5-AD4F-907E4CE39D2B}.Debug|x86.ActiveCfg = Debug|Win32
		{6E603C8E-BA39-43B5-AD4F-907E4CE39D2B}.Debug|x86.Build.0 = Debug|Win32
		{6E603C8E-BA39-43B5-AD4F-907E4CE39D2B}.Release|x64.ActiveCfg = Release|x64
		{6E603C8E-BA39-43B5-AD4F-907E4CE39D2B}.Release|x64.Build.0 = Release|x64
		{6E603C8E-BA39-43B5-AD4F-907E4CE39D2B}.Release|x86.ActiveCfg = Release|Win32
		{6E603C8E-BA39-43B5-AD4F-907E4CE39D2B}.Release|x86.Build.0 = Release|Win32
		{34BE9BFC-A43A-43B8-B474-0248C48820B8}.Debug|x64.ActiveCfg = Debug|x64
		{34BE9BFC-A43A-43B8-B474-0248C48820B8}.Debug|x64.Build.0 = Debug|x64
		{34BE9BFC-A43A-43B8-B474-0248C48820B8}.Debug|x86.ActiveCfg = Debug|Win32
		{34BE9BFC-A43A-43B8-B474-0248C48820B8}.Debug|x86.Build.0 = Debug|Win32
		{34BE9BFC-A43A-43B8-B474-0248C48820B8}.Release|x64.ActiveCfg = Release|x64
		{34BE9BFC-A43A-43B8-B474-0248C48820B8}.Release|x64.Build.0 = Release|x64
		{34BE9BFC-A43A-43B8-B474-0248C48820B8}.Release|x86.ActiveCfg = Release|Win32
		{34BE9BFC-A43A-43B8-B474-0248C48820B8}.Release|x86.Build.0 = Release|Win32
	EndGlobalSection
	GlobalSection(SolutionProperties) = preSolution
		HideSolutionNode = FALSE
	EndGlobalSection
	GlobalSection(ExtensibilityGlobals) = postSolution
		SolutionGuid = {EBFBFEBF-E1DB-4F2F-AB06-872A9B1677BE}
	EndGlobalSection
EndGlobal
